
Microsoft Visual Studio Solution File, Format Version 12.00
# Visual Studio Version 17
VisualStudioVersion = 17.0.32014.148
MinimumVisualStudioVersion = 10.0.40219.1
Project("{FAE04EC0-301F-11D3-BF4B-00C04F79EFBC}") = "TomsPortfolioApi", "TomsPortfolioApi\TomsPortfolioApi.csproj", "{B8FEC140-9D4F-405B-B452-ADCBA061D403}"
EndProject
Global
	GlobalSection(SolutionConfigurationPlatforms) = preSolution
		Debug|Any CPU = Debug|Any CPU
		Release|Any CPU = Release|Any CPU
	EndGlobalSection
	GlobalSection(ProjectConfigurationPlatforms) = postSolution
		{B8FEC140-9D4F-405B-B452-ADCBA061D403}.Debug|Any CPU.ActiveCfg = Debug|Any CPU
		{B8FEC140-9D4F-405B-B452-ADCBA061D403}.Debug|Any CPU.Build.0 = Debug|Any CPU
		{B8FEC140-9D4F-405B-B452-ADCBA061D403}.Release|Any CPU.ActiveCfg = Release|Any CPU
		{B8FEC140-9D4F-405B-B452-ADCBA061D403}.Release|Any CPU.Build.0 = Release|Any CPU
	EndGlobalSection
	GlobalSection(SolutionProperties) = preSolution
		HideSolutionNode = FALSE
	EndGlobalSection
	GlobalSection(ExtensibilityGlobals) = postSolution
		SolutionGuid = {3231A940-6623-4170-A228-19644AC47F8B}
	EndGlobalSection
EndGlobal
